
Microsoft Visual Studio Solution File, Format Version 12.00
# Visual Studio Version 17
VisualStudioVersion = 17.8.34525.116
MinimumVisualStudioVersion = 10.0.40219.1
Project("{FAE04EC0-301F-11D3-BF4B-00C04F79EFBC}") = "RegMovementInHospital", "RegMovementInHospital\RegMovementInHospital.csproj", "{BF80BC69-1A82-4C20-A4D6-57F9AC1DBF4F}"
EndProject
Global
	GlobalSection(SolutionConfigurationPlatforms) = preSolution
		Debug|Any CPU = Debug|Any CPU
		Release|Any CPU = Release|Any CPU
	EndGlobalSection
	GlobalSection(ProjectConfigurationPlatforms) = postSolution
		{BF80BC69-1A82-4C20-A4D6-57F9AC1DBF4F}.Debug|Any CPU.ActiveCfg = Debug|Any CPU
		{BF80BC69-1A82-4C20-A4D6-57F9AC1DBF4F}.Debug|Any CPU.Build.0 = Debug|Any CPU
		{BF80BC69-1A82-4C20-A4D6-57F9AC1DBF4F}.Release|Any CPU.ActiveCfg = Release|Any CPU
		{BF80BC69-1A82-4C20-A4D6-57F9AC1DBF4F}.Release|Any CPU.Build.0 = Release|Any CPU
	EndGlobalSection
	GlobalSection(SolutionProperties) = preSolution
		HideSolutionNode = FALSE
	EndGlobalSection
	GlobalSection(ExtensibilityGlobals) = postSolution
		SolutionGuid = {9FB73A48-30BB-4840-927F-A6A42D7DE1BB}
	EndGlobalSection
EndGlobal
